
Microsoft Visual Studio Solution File, Format Version 12.00
# Visual Studio 15
VisualStudioVersion = 15.0.27703.2035
MinimumVisualStudioVersion = 10.0.40219.1
Project("{262852C6-CD72-467D-83FE-5EEB1973A190}") = "QChat", "QChat\QChat.jsproj", "{B5695436-AB47-498C-8F50-6E283707D2A7}"
EndProject
Project("{262852C6-CD72-467D-83FE-5EEB1973A190}") = "QChat-mobile", "QChat-mobile\QChat-mobile.jsproj", "{18AE7996-D296-4813-8486-B4514D05C572}"
EndProject
Global
	GlobalSection(SolutionConfigurationPlatforms) = preSolution
		Debug|Android = Debug|Android
		Debug|Any CPU = Debug|Any CPU
		Debug|ARM = Debug|ARM
		Debug|iOS = Debug|iOS
		Debug|Windows-ARM = Debug|Windows-ARM
		Debug|Windows-x64 = Debug|Windows-x64
		Debug|Windows-x86 = Debug|Windows-x86
		Debug|x64 = Debug|x64
		Debug|x86 = Debug|x86
		Release|Android = Release|Android
		Release|Any CPU = Release|Any CPU
		Release|ARM = Release|ARM
		Release|iOS = Release|iOS
		Release|Windows-ARM = Release|Windows-ARM
		Release|Windows-x64 = Release|Windows-x64
		Release|Windows-x86 = Release|Windows-x86
		Release|x64 = Release|x64
		Release|x86 = Release|x86
	EndGlobalSection
	GlobalSection(ProjectConfigurationPlatforms) = postSolution
		{B5695436-AB47-498C-8F50-6E283707D2A7}.Debug|Android.ActiveCfg = Debug|Any CPU
		{B5695436-AB47-498C-8F50-6E283707D2A7}.Debug|Android.Build.0 = Debug|Any CPU
		{B5695436-AB47-498C-8F50-6E283707D2A7}.Debug|Android.Deploy.0 = Debug|Any CPU
		{B5695436-AB47-498C-8F50-6E283707D2A7}.Debug|Any CPU.ActiveCfg = Debug|Any CPU
		{B5695436-AB47-498C-8F50-6E283707D2A7}.Debug|Any CPU.Build.0 = Debug|Any CPU
		{B5695436-AB47-498C-8F50-6E283707D2A7}.Debug|Any CPU.Deploy.0 = Debug|Any CPU
		{B5695436-AB47-498C-8F50-6E283707D2A7}.Debug|ARM.ActiveCfg = Debug|ARM
		{B5695436-AB47-498C-8F50-6E283707D2A7}.Debug|ARM.Build.0 = Debug|ARM
		{B5695436-AB47-498C-8F50-6E283707D2A7}.Debug|ARM.Deploy.0 = Debug|ARM
		{B5695436-AB47-498C-8F50-6E283707D2A7}.Debug|iOS.ActiveCfg = Debug|Any CPU
		{B5695436-AB47-498C-8F50-6E283707D2A7}.Debug|iOS.Build.0 = Debug|Any CPU
		{B5695436-AB47-498C-8F50-6E283707D2A7}.Debug|iOS.Deploy.0 = Debug|Any CPU
		{B5695436-AB47-498C-8F50-6E283707D2A7}.Debug|Windows-ARM.ActiveCfg = Debug|Any CPU
		{B5695436-AB47-498C-8F50-6E283707D2A7}.Debug|Windows-ARM.Build.0 = Debug|Any CPU
		{B5695436-AB47-498C-8F50-6E283707D2A7}.Debug|Windows-ARM.Deploy.0 = Debug|Any CPU
		{B5695436-AB47-498C-8F50-6E283707D2A7}.Debug|Windows-x64.ActiveCfg = Debug|Any CPU
		{B5695436-AB47-498C-8F50-6E283707D2A7}.Debug|Windows-x64.Build.0 = Debug|Any CPU
		{B5695436-AB47-498C-8F50-6E283707D2A7}.Debug|Windows-x64.Deploy.0 = Debug|Any CPU
		{B5695436-AB47-498C-8F50-6E283707D2A7}.Debug|Windows-x86.ActiveCfg = Debug|Any CPU
		{B5695436-AB47-498C-8F50-6E283707D2A7}.Debug|Windows-x86.Build.0 = Debug|Any CPU
		{B5695436-AB47-498C-8F50-6E283707D2A7}.Debug|Windows-x86.Deploy.0 = Debug|Any CPU
		{B5695436-AB47-498C-8F50-6E283707D2A7}.Debug|x64.ActiveCfg = Debug|x64
		{B5695436-AB47-498C-8F50-6E283707D2A7}.Debug|x64.Build.0 = Debug|x64
		{B5695436-AB47-498C-8F50-6E283707D2A7}.Debug|x64.Deploy.0 = Debug|x64
		{B5695436-AB47-498C-8F50-6E283707D2A7}.Debug|x86.ActiveCfg = Debug|x86
		{B5695436-AB47-498C-8F50-6E283707D2A7}.Debug|x86.Build.0 = Debug|x86
		{B5695436-AB47-498C-8F50-6E283707D2A7}.Debug|x86.Deploy.0 = Debug|x86
		{B5695436-AB47-498C-8F50-6E283707D2A7}.Release|Android.ActiveCfg = Release|Any CPU
		{B5695436-AB47-498C-8F50-6E283707D2A7}.Release|Android.Build.0 = Release|Any CPU
		{B5695436-AB47-498C-8F50-6E283707D2A7}.Release|Android.Deploy.0 = Release|Any CPU
		{B5695436-AB47-498C-8F50-6E283707D2A7}.Release|Any CPU.ActiveCfg = Release|Any CPU
		{B5695436-AB47-498C-8F50-6E283707D2A7}.Release|Any CPU.Build.0 = Release|Any CPU
		{B5695436-AB47-498C-8F50-6E283707D2A7}.Release|Any CPU.Deploy.0 = Release|Any CPU
		{B5695436-AB47-498C-8F50-6E283707D2A7}.Release|ARM.ActiveCfg = Release|ARM
		{B5695436-AB47-498C-8F50-6E283707D2A7}.Release|ARM.Build.0 = Release|ARM
		{B5695436-AB47-498C-8F50-6E283707D2A7}.Release|ARM.Deploy.0 = Release|ARM
		{B5695436-AB47-498C-8F50-6E283707D2A7}.Release|iOS.ActiveCfg = Release|Any CPU
		{B5695436-AB47-498C-8F50-6E283707D2A7}.Release|iOS.Build.0 = Release|Any CPU
		{B5695436-AB47-498C-8F50-6E283707D2A7}.Release|iOS.Deploy.0 = Release|Any CPU
		{B5695436-AB47-498C-8F50-6E283707D2A7}.Release|Windows-ARM.ActiveCfg = Release|Any CPU
		{B5695436-AB47-498C-8F50-6E283707D2A7}.Release|Windows-ARM.Build.0 = Release|Any CPU
		{B5695436-AB47-498C-8F50-6E283707D2A7}.Release|Windows-ARM.Deploy.0 = Release|Any CPU
		{B5695436-AB47-498C-8F50-6E283707D2A7}.Release|Windows-x64.ActiveCfg = Release|Any CPU
		{B5695436-AB47-498C-8F50-6E283707D2A7}.Release|Windows-x64.Build.0 = Release|Any CPU
		{B5695436-AB47-498C-8F50-6E283707D2A7}.Release|Windows-x64.Deploy.0 = Release|Any CPU
		{B5695436-AB47-498C-8F50-6E283707D2A7}.Release|Windows-x86.ActiveCfg = Release|Any CPU
		{B5695436-AB47-498C-8F50-6E283707D2A7}.Release|Windows-x86.Build.0 = Release|Any CPU
		{B5695436-AB47-498C-8F50-6E283707D2A7}.Release|Windows-x86.Deploy.0 = Release|Any CPU
		{B5695436-AB47-498C-8F50-6E283707D2A7}.Release|x64.ActiveCfg = Release|x64
		{B5695436-AB47-498C-8F50-6E283707D2A7}.Release|x64.Build.0 = Release|x64
		{B5695436-AB47-498C-8F50-6E283707D2A7}.Release|x64.Deploy.0 = Release|x64
		{B5695436-AB47-498C-8F50-6E283707D2A7}.Release|x86.ActiveCfg = Release|x86
		{B5695436-AB47-498C-8F50-6E283707D2A7}.Release|x86.Build.0 = Release|x86
		{B5695436-AB47-498C-8F50-6E283707D2A7}.Release|x86.Deploy.0 = Release|x86
		{18AE7996-D296-4813-8486-B4514D05C572}.Debug|Android.ActiveCfg = Debug|Android
		{18AE7996-D296-4813-8486-B4514D05C572}.Debug|Android.Build.0 = Debug|Android
		{18AE7996-D296-4813-8486-B4514D05C572}.Debug|Android.Deploy.0 = Debug|Android
		{18AE7996-D296-4813-8486-B4514D05C572}.Debug|Any CPU.ActiveCfg = Debug|Android
		{18AE7996-D296-4813-8486-B4514D05C572}.Debug|ARM.ActiveCfg = Debug|Windows-ARM
		{18AE7996-D296-4813-8486-B4514D05C572}.Debug|iOS.ActiveCfg = Debug|iOS
		{18AE7996-D296-4813-8486-B4514D05C572}.Debug|iOS.Build.0 = Debug|iOS
		{18AE7996-D296-4813-8486-B4514D05C572}.Debug|iOS.Deploy.0 = Debug|iOS
		{18AE7996-D296-4813-8486-B4514D05C572}.Debug|Windows-ARM.ActiveCfg = Debug|Windows-ARM
		{18AE7996-D296-4813-8486-B4514D05C572}.Debug|Windows-ARM.Build.0 = Debug|Windows-ARM
		{18AE7996-D296-4813-8486-B4514D05C572}.Debug|Windows-ARM.Deploy.0 = Debug|Windows-ARM
		{18AE7996-D296-4813-8486-B4514D05C572}.Debug|Windows-x64.ActiveCfg = Debug|Windows-x64
		{18AE7996-D296-4813-8486-B4514D05C572}.Debug|Windows-x64.Build.0 = Debug|Windows-x64
		{18AE7996-D296-4813-8486-B4514D05C572}.Debug|Windows-x64.Deploy.0 = Debug|Windows-x64
		{18AE7996-D296-4813-8486-B4514D05C572}.Debug|Windows-x86.ActiveCfg = Debug|Windows-x86
		{18AE7996-D296-4813-8486-B4514D05C572}.Debug|Windows-x86.Build.0 = Debug|Windows-x86
		{18AE7996-D296-4813-8486-B4514D05C572}.Debug|Windows-x86.Deploy.0 = Debug|Windows-x86
		{18AE7996-D296-4813-8486-B4514D05C572}.Debug|x64.ActiveCfg = Debug|Windows-x64
		{18AE7996-D296-4813-8486-B4514D05C572}.Debug|x86.ActiveCfg = Debug|Windows-x86
		{18AE7996-D296-4813-8486-B4514D05C572}.Release|Android.ActiveCfg = Release|Android
		{18AE7996-D296-4813-8486-B4514D05C572}.Release|Android.Build.0 = Release|Android
		{18AE7996-D296-4813-8486-B4514D05C572}.Release|Android.Deploy.0 = Release|Android
		{18AE7996-D296-4813-8486-B4514D05C572}.Release|Any CPU.ActiveCfg = Release|Android
		{18AE7996-D296-4813-8486-B4514D05C572}.Release|ARM.ActiveCfg = Release|Windows-ARM
		{18AE7996-D296-4813-8486-B4514D05C572}.Release|iOS.ActiveCfg = Release|iOS
		{18AE7996-D296-4813-8486-B4514D05C572}.Release|iOS.Build.0 = Release|iOS
		{18AE7996-D296-4813-8486-B4514D05C572}.Release|iOS.Deploy.0 = Release|iOS
		{18AE7996-D296-4813-8486-B4514D05C572}.Release|Windows-ARM.ActiveCfg = Release|Windows-ARM
		{18AE7996-D296-4813-8486-B4514D05C572}.Release|Windows-ARM.Build.0 = Release|Windows-ARM
		{18AE7996-D296-4813-8486-B4514D05C572}.Release|Windows-ARM.Deploy.0 = Release|Windows-ARM
		{18AE7996-D296-4813-8486-B4514D05C572}.Release|Windows-x64.ActiveCfg = Release|Windows-x64
		{18AE7996-D296-4813-8486-B4514D05C572}.Release|Windows-x64.Build.0 = Release|Windows-x64
		{18AE7996-D296-4813-8486-B4514D05C572}.Release|Windows-x64.Deploy.0 = Release|Windows-x64
		{18AE7996-D296-4813-8486-B4514D05C572}.Release|Windows-x86.ActiveCfg = Release|Windows-x86
		{18AE7996-D296-4813-8486-B4514D05C572}.Release|Windows-x86.Build.0 = Release|Windows-x86
		{18AE7996-D296-4813-8486-B4514D05C572}.Release|Windows-x86.Deploy.0 = Release|Windows-x86
		{18AE7996-D296-4813-8486-B4514D05C572}.Release|x64.ActiveCfg = Release|Windows-x64
		{18AE7996-D296-4813-8486-B4514D05C572}.Release|x86.ActiveCfg = Release|Windows-x86
	EndGlobalSection
	GlobalSection(SolutionProperties) = preSolution
		HideSolutionNode = FALSE
	EndGlobalSection
	GlobalSection(ExtensibilityGlobals) = postSolution
		SolutionGuid = {4E9612C9-A2BB-4A43-B0AF-A77CC7E1FB24}
	EndGlobalSection
EndGlobal
